
Microsoft Visual Studio Solution File, Format Version 12.00
# Visual Studio Version 16
VisualStudioVersion = 16.0.31729.503
MinimumVisualStudioVersion = 10.0.40219.1
Project("{FAE04EC0-301F-11D3-BF4B-00C04F79EFBC}") = "ELTE-S-rekrutacja", "ELTE-S-rekrutacja\ELTE-S-rekrutacja.csproj", "{08A63994-80A3-40B5-B43E-23B3988ACECB}"
EndProject
Global
	GlobalSection(SolutionConfigurationPlatforms) = preSolution
		Debug|Any CPU = Debug|Any CPU
		Release|Any CPU = Release|Any CPU
	EndGlobalSection
	GlobalSection(ProjectConfigurationPlatforms) = postSolution
		{08A63994-80A3-40B5-B43E-23B3988ACECB}.Debug|Any CPU.ActiveCfg = Debug|Any CPU
		{08A63994-80A3-40B5-B43E-23B3988ACECB}.Debug|Any CPU.Build.0 = Debug|Any CPU
		{08A63994-80A3-40B5-B43E-23B3988ACECB}.Release|Any CPU.ActiveCfg = Release|Any CPU
		{08A63994-80A3-40B5-B43E-23B3988ACECB}.Release|Any CPU.Build.0 = Release|Any CPU
	EndGlobalSection
	GlobalSection(SolutionProperties) = preSolution
		HideSolutionNode = FALSE
	EndGlobalSection
	GlobalSection(ExtensibilityGlobals) = postSolution
		SolutionGuid = {151BA493-D084-4696-AAD3-3534476FDA78}
	EndGlobalSection
EndGlobal
